{
  "name": "@ewancoder/angular-http",
  "version": "0.7.0",
  "lockfileVersion": 1,
  "dependencies": {
    "@angular/common": {
      "version": "4.2.3",
      "resolved": "https://registry.npmjs.org/@angular/common/-/common-4.2.3.tgz",
      "integrity": "sha1-4Bc2EutqnPjdUL00yKky286R0r8="
    },
    "@angular/core": {
      "version": "4.2.3",
      "resolved": "https://registry.npmjs.org/@angular/core/-/core-4.2.3.tgz",
      "integrity": "sha1-q3MpwY1P0wWHK4Jxj/rj525NRUk="
    },
    "@angular/http": {
      "version": "4.2.3",
      "resolved": "https://registry.npmjs.org/@angular/http/-/http-4.2.3.tgz",
      "integrity": "sha1-io/8j9/P2huSz8M178ZY7dS2pno="
    },
    "@angular/platform-browser": {
      "version": "4.2.3",
      "resolved": "https://registry.npmjs.org/@angular/platform-browser/-/platform-browser-4.2.3.tgz",
      "integrity": "sha1-mhrM/J6TqVYQErugN6BLQc7cAlU="
    },
    "@angular/router": {
      "version": "4.2.3",
      "resolved": "https://registry.npmjs.org/@angular/router/-/router-4.2.3.tgz",
      "integrity": "sha1-RJJDGxsFr4X+ttzCspg4IAazqdo="
    },
    "@ewancoder/angular-auth": {
      "version": "0.7.0",
      "resolved": "https://registry.npmjs.org/@ewancoder/angular-auth/-/angular-auth-0.7.0.tgz",
      "integrity": "sha512-xm/rgqEhA2TJLkT3hluEaCgZPOuEIgRDTdWzH2Gj9W8h9aCbIdCOGRRn3z8OdeC9mPEbJzPrYWeGL1ZGmO2TrQ=="
    },
    "@ewancoder/angular-localization": {
      "version": "0.7.0",
      "resolved": "https://registry.npmjs.org/@ewancoder/angular-localization/-/angular-localization-0.7.0.tgz",
      "integrity": "sha512-vSCiPQqstJaT/Pv4u5pB04OCoHFG38Waq2U9EoyPAElCENt/I+mGKVhfW79gP/Oo5vGdXLMGcbiReTMUFCrm2Q=="
    },
    "@ewancoder/angular-logger": {
      "version": "0.7.0",
      "resolved": "https://registry.npmjs.org/@ewancoder/angular-logger/-/angular-logger-0.7.0.tgz",
      "integrity": "sha512-0jyW2+ge1x6ex1Nv+btCC3siamDQDiDnQRUL4kGU9g5JE9bprxn+cxoZumu8LgV3a5OS0AHu6HdqCJ78Xc4tsw=="
    },
    "rxjs": {
      "version": "5.4.1",
      "resolved": "https://registry.npmjs.org/rxjs/-/rxjs-5.4.1.tgz",
      "integrity": "sha1-ti91fyeURdJloYpY+wpw3JDpFiY="
    },
    "symbol-observable": {
      "version": "https://registry.npmjs.org/symbol-observable/-/symbol-observable-1.0.4.tgz",
      "integrity": "sha1-Kb9hXUqnEhvdiYsi1LP5vE4qoD0="
    },
    "tslib": {
      "version": "1.7.1",
      "resolved": "https://registry.npmjs.org/tslib/-/tslib-1.7.1.tgz",
      "integrity": "sha1-vIAEFkaRkjp5/oN4u+s9ogF1OOw="
    },
    "typescript": {
      "version": "2.3.4",
      "resolved": "https://registry.npmjs.org/typescript/-/typescript-2.3.4.tgz",
      "integrity": "sha1-PTgyGCgjHkNPKHUUlZw3qCtin0I=",
      "dev": true
    },
    "zone.js": {
      "version": "0.8.12",
      "resolved": "https://registry.npmjs.org/zone.js/-/zone.js-0.8.12.tgz",
      "integrity": "sha1-hv9QU8mK7CkaC/S7rFAdaUoFz7s="
    }
  }
}
